
Microsoft Visual Studio Solution File, Format Version 12.00
# Visual Studio Version 17
VisualStudioVersion = 17.9.34728.123
MinimumVisualStudioVersion = 10.0.40219.1
Project("{FAE04EC0-301F-11D3-BF4B-00C04F79EFBC}") = "csharp-gestore-eventi", "csharp-gestore-eventi\csharp-gestore-eventi.csproj", "{DC3A90C2-0695-4F6B-899F-525DA2450171}"
EndProject
Global
	GlobalSection(SolutionConfigurationPlatforms) = preSolution
		Debug|Any CPU = Debug|Any CPU
		Release|Any CPU = Release|Any CPU
	EndGlobalSection
	GlobalSection(ProjectConfigurationPlatforms) = postSolution
		{DC3A90C2-0695-4F6B-899F-525DA2450171}.Debug|Any CPU.ActiveCfg = Debug|Any CPU
		{DC3A90C2-0695-4F6B-899F-525DA2450171}.Debug|Any CPU.Build.0 = Debug|Any CPU
		{DC3A90C2-0695-4F6B-899F-525DA2450171}.Release|Any CPU.ActiveCfg = Release|Any CPU
		{DC3A90C2-0695-4F6B-899F-525DA2450171}.Release|Any CPU.Build.0 = Release|Any CPU
	EndGlobalSection
	GlobalSection(SolutionProperties) = preSolution
		HideSolutionNode = FALSE
	EndGlobalSection
	GlobalSection(ExtensibilityGlobals) = postSolution
		SolutionGuid = {C3ADFCE5-E355-451A-8CA8-C449E2221FA9}
	EndGlobalSection
EndGlobal
